
Microsoft Visual Studio Solution File, Format Version 12.00
# Visual Studio Version 17
VisualStudioVersion = 17.0.31717.71
MinimumVisualStudioVersion = 10.0.40219.1
Project("{FAE04EC0-301F-11D3-BF4B-00C04F79EFBC}") = "Oefening1", "Oefening1.csproj", "{A9C71DD2-E50A-48F4-BBB0-63E8463D7940}"
EndProject
Global
	GlobalSection(SolutionConfigurationPlatforms) = preSolution
		Debug|Any CPU = Debug|Any CPU
		Release|Any CPU = Release|Any CPU
	EndGlobalSection
	GlobalSection(ProjectConfigurationPlatforms) = postSolution
		{A9C71DD2-E50A-48F4-BBB0-63E8463D7940}.Debug|Any CPU.ActiveCfg = Debug|Any CPU
		{A9C71DD2-E50A-48F4-BBB0-63E8463D7940}.Debug|Any CPU.Build.0 = Debug|Any CPU
		{A9C71DD2-E50A-48F4-BBB0-63E8463D7940}.Release|Any CPU.ActiveCfg = Release|Any CPU
		{A9C71DD2-E50A-48F4-BBB0-63E8463D7940}.Release|Any CPU.Build.0 = Release|Any CPU
	EndGlobalSection
	GlobalSection(SolutionProperties) = preSolution
		HideSolutionNode = FALSE
	EndGlobalSection
	GlobalSection(ExtensibilityGlobals) = postSolution
		SolutionGuid = {3A1153D4-D6C0-4F19-882C-9FC7EF798DB9}
	EndGlobalSection
EndGlobal
